
Microsoft Visual Studio Solution File, Format Version 12.00
# Visual Studio Version 16
VisualStudioVersion = 16.0.30225.117
MinimumVisualStudioVersion = 10.0.40219.1
Project("{FAE04EC0-301F-11D3-BF4B-00C04F79EFBC}") = "InstaEthereum", "InstaEthereum\InstaEthereum.csproj", "{211D8A73-46EA-4E89-A8F8-81A973EA6669}"
EndProject
Global
	GlobalSection(SolutionConfigurationPlatforms) = preSolution
		Debug|Any CPU = Debug|Any CPU
		Release|Any CPU = Release|Any CPU
	EndGlobalSection
	GlobalSection(ProjectConfigurationPlatforms) = postSolution
		{211D8A73-46EA-4E89-A8F8-81A973EA6669}.Debug|Any CPU.ActiveCfg = Debug|Any CPU
		{211D8A73-46EA-4E89-A8F8-81A973EA6669}.Debug|Any CPU.Build.0 = Debug|Any CPU
		{211D8A73-46EA-4E89-A8F8-81A973EA6669}.Release|Any CPU.ActiveCfg = Release|Any CPU
		{211D8A73-46EA-4E89-A8F8-81A973EA6669}.Release|Any CPU.Build.0 = Release|Any CPU
	EndGlobalSection
	GlobalSection(SolutionProperties) = preSolution
		HideSolutionNode = FALSE
	EndGlobalSection
	GlobalSection(ExtensibilityGlobals) = postSolution
		SolutionGuid = {F7406743-C1EB-4E4D-84E3-3EEF0D948CAF}
	EndGlobalSection
EndGlobal
